// !$*UTF8*$!
{
	archiveVersion = 1;
	classes = {
	};
	objectVersion = 55;
	objects = {

/* Begin PBXBuildFile section */
		361F03732862E1D100F98BA9 /* Date.swift in Sources */ = {isa = PBXBuildFile; fileRef = 361F03722862E1D100F98BA9 /* Date.swift */; };
		3687C1CE286250CA004616D4 /* FilterView.swift in Sources */ = {isa = PBXBuildFile; fileRef = 3687C1CD286250CA004616D4 /* FilterView.swift */; };
		3687C1D0286250DF004616D4 /* FilterViewModel.swift in Sources */ = {isa = PBXBuildFile; fileRef = 3687C1CF286250DF004616D4 /* FilterViewModel.swift */; };
		369B9D0E2863B20A00C9BF1D /* Endpoint.swift in Sources */ = {isa = PBXBuildFile; fileRef = 369B9D0D2863B20A00C9BF1D /* Endpoint.swift */; };
		36B4479D2860A6F600D8DDA8 /* MarsRoverPhotosApp.swift in Sources */ = {isa = PBXBuildFile; fileRef = 36B4479C2860A6F600D8DDA8 /* MarsRoverPhotosApp.swift */; };
		36B447A12860A6F700D8DDA8 /* Assets.xcassets in Resources */ = {isa = PBXBuildFile; fileRef = 36B447A02860A6F700D8DDA8 /* Assets.xcassets */; };
		36B447A42860A6F700D8DDA8 /* Preview Assets.xcassets in Resources */ = {isa = PBXBuildFile; fileRef = 36B447A32860A6F700D8DDA8 /* Preview Assets.xcassets */; };
		36B447B02860A9A100D8DDA8 /* README.md in Resources */ = {isa = PBXBuildFile; fileRef = 36B447AF2860A9A100D8DDA8 /* README.md */; };
		36E7CE3F28621955001D3D87 /* CardGroupBoxStyle.swift in Sources */ = {isa = PBXBuildFile; fileRef = 36E7CE3E28621955001D3D87 /* CardGroupBoxStyle.swift */; };
		36EE95C92864301D000B6CC8 /* ShareSheet.swift in Sources */ = {isa = PBXBuildFile; fileRef = 36EE95C82864301D000B6CC8 /* ShareSheet.swift */; };
		36F8B3C12860AD48000902D1 /* Photo.swift in Sources */ = {isa = PBXBuildFile; fileRef = 36F8B3C02860AD48000902D1 /* Photo.swift */; };
		36F8B3C32860AE62000902D1 /* Camera.swift in Sources */ = {isa = PBXBuildFile; fileRef = 36F8B3C22860AE62000902D1 /* Camera.swift */; };
		36F8B3C52860B14C000902D1 /* Rover.swift in Sources */ = {isa = PBXBuildFile; fileRef = 36F8B3C42860B14C000902D1 /* Rover.swift */; };
		36F8B3C82860B498000902D1 /* Manifest.swift in Sources */ = {isa = PBXBuildFile; fileRef = 36F8B3C72860B498000902D1 /* Manifest.swift */; };
		36F8B3CC2860F456000902D1 /* RoverView.swift in Sources */ = {isa = PBXBuildFile; fileRef = 36F8B3CB2860F456000902D1 /* RoverView.swift */; };
		36F8B3CE2860F45E000902D1 /* RoverViewModel.swift in Sources */ = {isa = PBXBuildFile; fileRef = 36F8B3CD2860F45E000902D1 /* RoverViewModel.swift */; };
		36F8B3D12860F52B000902D1 /* NetworkingManager.swift in Sources */ = {isa = PBXBuildFile; fileRef = 36F8B3D02860F52B000902D1 /* NetworkingManager.swift */; };
		36F8B3D32860F588000902D1 /* JSONDataService.swift in Sources */ = {isa = PBXBuildFile; fileRef = 36F8B3D22860F588000902D1 /* JSONDataService.swift */; };
		36F8B3D72860FF1A000902D1 /* ImageDataService.swift in Sources */ = {isa = PBXBuildFile; fileRef = 36F8B3D62860FF1A000902D1 /* ImageDataService.swift */; };
		36F8B3D928610031000902D1 /* LocalFileManager.swift in Sources */ = {isa = PBXBuildFile; fileRef = 36F8B3D828610031000902D1 /* LocalFileManager.swift */; };
		36F8B3DB2861015D000902D1 /* ImageView.swift in Sources */ = {isa = PBXBuildFile; fileRef = 36F8B3DA2861015D000902D1 /* ImageView.swift */; };
		36F8B3DD28610193000902D1 /* ImageViewModel.swift in Sources */ = {isa = PBXBuildFile; fileRef = 36F8B3DC28610193000902D1 /* ImageViewModel.swift */; };
		36F8B3E228618FAC000902D1 /* DetailView.swift in Sources */ = {isa = PBXBuildFile; fileRef = 36F8B3E128618FAC000902D1 /* DetailView.swift */; };
		36F8B3E428618FB4000902D1 /* DetailViewModel.swift in Sources */ = {isa = PBXBuildFile; fileRef = 36F8B3E328618FB4000902D1 /* DetailViewModel.swift */; };
		36F8B3E728619462000902D1 /* Navigation.swift in Sources */ = {isa = PBXBuildFile; fileRef = 36F8B3E628619462000902D1 /* Navigation.swift */; };
		36F8B3E928619481000902D1 /* Binding.swift in Sources */ = {isa = PBXBuildFile; fileRef = 36F8B3E828619481000902D1 /* Binding.swift */; };
		36F8B3EF28619752000902D1 /* CustomTabBarView.swift in Sources */ = {isa = PBXBuildFile; fileRef = 36F8B3EC28619752000902D1 /* CustomTabBarView.swift */; };
		36F8B3F328619775000902D1 /* NavBarItem.swift in Sources */ = {isa = PBXBuildFile; fileRef = 36F8B3F228619775000902D1 /* NavBarItem.swift */; };
		36F8B3F62861D78F000902D1 /* BackButton.swift in Sources */ = {isa = PBXBuildFile; fileRef = 36F8B3F52861D78F000902D1 /* BackButton.swift */; };
		36F8B3F82861D79D000902D1 /* ZoomButton.swift in Sources */ = {isa = PBXBuildFile; fileRef = 36F8B3F72861D79D000902D1 /* ZoomButton.swift */; };
		36F8B3FA2861D8C3000902D1 /* ImageZoomView.swift in Sources */ = {isa = PBXBuildFile; fileRef = 36F8B3F92861D8C3000902D1 /* ImageZoomView.swift */; };
/* End PBXBuildFile section */

/* Begin PBXFileReference section */
		361F03722862E1D100F98BA9 /* Date.swift */ = {isa = PBXFileReference; lastKnownFileType = sourcecode.swift; path = Date.swift; sourceTree = "<group>"; };
		3687C1CD286250CA004616D4 /* FilterView.swift */ = {isa = PBXFileReference; lastKnownFileType = sourcecode.swift; path = FilterView.swift; sourceTree = "<group>"; };
		3687C1CF286250DF004616D4 /* FilterViewModel.swift */ = {isa = PBXFileReference; lastKnownFileType = sourcecode.swift; path = FilterViewModel.swift; sourceTree = "<group>"; };
		369B9D0D2863B20A00C9BF1D /* Endpoint.swift */ = {isa = PBXFileReference; lastKnownFileType = sourcecode.swift; path = Endpoint.swift; sourceTree = "<group>"; };
		36B447992860A6F600D8DDA8 /* MarsRoverPhotos.app */ = {isa = PBXFileReference; explicitFileType = wrapper.application; includeInIndex = 0; path = MarsRoverPhotos.app; sourceTree = BUILT_PRODUCTS_DIR; };
		36B4479C2860A6F600D8DDA8 /* MarsRoverPhotosApp.swift */ = {isa = PBXFileReference; lastKnownFileType = sourcecode.swift; path = MarsRoverPhotosApp.swift; sourceTree = "<group>"; };
		36B447A02860A6F700D8DDA8 /* Assets.xcassets */ = {isa = PBXFileReference; lastKnownFileType = folder.assetcatalog; path = Assets.xcassets; sourceTree = "<group>"; };
		36B447A32860A6F700D8DDA8 /* Preview Assets.xcassets */ = {isa = PBXFileReference; lastKnownFileType = folder.assetcatalog; path = "Preview Assets.xcassets"; sourceTree = "<group>"; };
		36B447AF2860A9A100D8DDA8 /* README.md */ = {isa = PBXFileReference; fileEncoding = 4; lastKnownFileType = net.daringfireball.markdown; path = README.md; sourceTree = "<group>"; };
		36E7CE3E28621955001D3D87 /* CardGroupBoxStyle.swift */ = {isa = PBXFileReference; lastKnownFileType = sourcecode.swift; path = CardGroupBoxStyle.swift; sourceTree = "<group>"; };
		36EE95C82864301D000B6CC8 /* ShareSheet.swift */ = {isa = PBXFileReference; lastKnownFileType = sourcecode.swift; path = ShareSheet.swift; sourceTree = "<group>"; };
		36F8B3C02860AD48000902D1 /* Photo.swift */ = {isa = PBXFileReference; lastKnownFileType = sourcecode.swift; path = Photo.swift; sourceTree = "<group>"; };
		36F8B3C22860AE62000902D1 /* Camera.swift */ = {isa = PBXFileReference; lastKnownFileType = sourcecode.swift; path = Camera.swift; sourceTree = "<group>"; };
		36F8B3C42860B14C000902D1 /* Rover.swift */ = {isa = PBXFileReference; lastKnownFileType = sourcecode.swift; path = Rover.swift; sourceTree = "<group>"; };
		36F8B3C72860B498000902D1 /* Manifest.swift */ = {isa = PBXFileReference; lastKnownFileType = sourcecode.swift; path = Manifest.swift; sourceTree = "<group>"; };
		36F8B3CB2860F456000902D1 /* RoverView.swift */ = {isa = PBXFileReference; lastKnownFileType = sourcecode.swift; path = RoverView.swift; sourceTree = "<group>"; };
		36F8B3CD2860F45E000902D1 /* RoverViewModel.swift */ = {isa = PBXFileReference; lastKnownFileType = sourcecode.swift; path = RoverViewModel.swift; sourceTree = "<group>"; };
		36F8B3D02860F52B000902D1 /* NetworkingManager.swift */ = {isa = PBXFileReference; fileEncoding = 4; lastKnownFileType = sourcecode.swift; path = NetworkingManager.swift; sourceTree = "<group>"; };
		36F8B3D22860F588000902D1 /* JSONDataService.swift */ = {isa = PBXFileReference; lastKnownFileType = sourcecode.swift; path = JSONDataService.swift; sourceTree = "<group>"; };
		36F8B3D62860FF1A000902D1 /* ImageDataService.swift */ = {isa = PBXFileReference; lastKnownFileType = sourcecode.swift; path = ImageDataService.swift; sourceTree = "<group>"; };
		36F8B3D828610031000902D1 /* LocalFileManager.swift */ = {isa = PBXFileReference; fileEncoding = 4; lastKnownFileType = sourcecode.swift; path = LocalFileManager.swift; sourceTree = "<group>"; };
		36F8B3DA2861015D000902D1 /* ImageView.swift */ = {isa = PBXFileReference; lastKnownFileType = sourcecode.swift; path = ImageView.swift; sourceTree = "<group>"; };
		36F8B3DC28610193000902D1 /* ImageViewModel.swift */ = {isa = PBXFileReference; lastKnownFileType = sourcecode.swift; path = ImageViewModel.swift; sourceTree = "<group>"; };
		36F8B3DE28610735000902D1 /* Info.plist */ = {isa = PBXFileReference; lastKnownFileType = text.plist; path = Info.plist; sourceTree = "<group>"; };
		36F8B3E128618FAC000902D1 /* DetailView.swift */ = {isa = PBXFileReference; lastKnownFileType = sourcecode.swift; path = DetailView.swift; sourceTree = "<group>"; };
		36F8B3E328618FB4000902D1 /* DetailViewModel.swift */ = {isa = PBXFileReference; lastKnownFileType = sourcecode.swift; path = DetailViewModel.swift; sourceTree = "<group>"; };
		36F8B3E628619462000902D1 /* Navigation.swift */ = {isa = PBXFileReference; lastKnownFileType = sourcecode.swift; path = Navigation.swift; sourceTree = "<group>"; };
		36F8B3E828619481000902D1 /* Binding.swift */ = {isa = PBXFileReference; lastKnownFileType = sourcecode.swift; path = Binding.swift; sourceTree = "<group>"; };
		36F8B3EC28619752000902D1 /* CustomTabBarView.swift */ = {isa = PBXFileReference; fileEncoding = 4; lastKnownFileType = sourcecode.swift; path = CustomTabBarView.swift; sourceTree = "<group>"; };
		36F8B3F228619775000902D1 /* NavBarItem.swift */ = {isa = PBXFileReference; fileEncoding = 4; lastKnownFileType = sourcecode.swift; path = NavBarItem.swift; sourceTree = "<group>"; };
		36F8B3F52861D78F000902D1 /* BackButton.swift */ = {isa = PBXFileReference; lastKnownFileType = sourcecode.swift; path = BackButton.swift; sourceTree = "<group>"; };
		36F8B3F72861D79D000902D1 /* ZoomButton.swift */ = {isa = PBXFileReference; lastKnownFileType = sourcecode.swift; path = ZoomButton.swift; sourceTree = "<group>"; };
		36F8B3F92861D8C3000902D1 /* ImageZoomView.swift */ = {isa = PBXFileReference; lastKnownFileType = sourcecode.swift; path = ImageZoomView.swift; sourceTree = "<group>"; };
/* End PBXFileReference section */

/* Begin PBXFrameworksBuildPhase section */
		36B447962860A6F600D8DDA8 /* Frameworks */ = {
			isa = PBXFrameworksBuildPhase;
			buildActionMask = 2147483647;
			files = (
			);
			runOnlyForDeploymentPostprocessing = 0;
		};
/* End PBXFrameworksBuildPhase section */

/* Begin PBXGroup section */
		36B447902860A6F600D8DDA8 = {
			isa = PBXGroup;
			children = (
				36B447AF2860A9A100D8DDA8 /* README.md */,
				36B4479B2860A6F600D8DDA8 /* MarsRoverPhotos */,
				36B4479A2860A6F600D8DDA8 /* Products */,
			);
			sourceTree = "<group>";
		};
		36B4479A2860A6F600D8DDA8 /* Products */ = {
			isa = PBXGroup;
			children = (
				36B447992860A6F600D8DDA8 /* MarsRoverPhotos.app */,
			);
			name = Products;
			sourceTree = "<group>";
		};
		36B4479B2860A6F600D8DDA8 /* MarsRoverPhotos */ = {
			isa = PBXGroup;
			children = (
				36F8B3DE28610735000902D1 /* Info.plist */,
				36E7CE3D28621948001D3D87 /* Style */,
				36F8B3E52861944D000902D1 /* Extension */,
				36F8B3D42860FF03000902D1 /* Utilities */,
				36F8B3CF2860F51E000902D1 /* Service */,
				36B447AA2860A79F00D8DDA8 /* Model */,
				36F8B3CA2860F43C000902D1 /* ViewModel */,
				36F8B3C92860F434000902D1 /* View */,
				36F8B3EA2861972F000902D1 /* Component */,
				36B4479C2860A6F600D8DDA8 /* MarsRoverPhotosApp.swift */,
				36B447A02860A6F700D8DDA8 /* Assets.xcassets */,
				36B447A22860A6F700D8DDA8 /* Preview Content */,
			);
			path = MarsRoverPhotos;
			sourceTree = "<group>";
		};
		36B447A22860A6F700D8DDA8 /* Preview Content */ = {
			isa = PBXGroup;
			children = (
				36B447A32860A6F700D8DDA8 /* Preview Assets.xcassets */,
			);
			path = "Preview Content";
			sourceTree = "<group>";
		};
		36B447AA2860A79F00D8DDA8 /* Model */ = {
			isa = PBXGroup;
			children = (
				36F8B3C72860B498000902D1 /* Manifest.swift */,
				36F8B3C02860AD48000902D1 /* Photo.swift */,
				36F8B3C22860AE62000902D1 /* Camera.swift */,
				36F8B3C42860B14C000902D1 /* Rover.swift */,
			);
			path = Model;
			sourceTree = "<group>";
		};
		36E7CE3D28621948001D3D87 /* Style */ = {
			isa = PBXGroup;
			children = (
				36E7CE3E28621955001D3D87 /* CardGroupBoxStyle.swift */,
			);
			path = Style;
			sourceTree = "<group>";
		};
		36F8B3C92860F434000902D1 /* View */ = {
			isa = PBXGroup;
			children = (
				36F8B3CB2860F456000902D1 /* RoverView.swift */,
				36F8B3DA2861015D000902D1 /* ImageView.swift */,
				36F8B3E128618FAC000902D1 /* DetailView.swift */,
				36F8B3F92861D8C3000902D1 /* ImageZoomView.swift */,
				3687C1CD286250CA004616D4 /* FilterView.swift */,
			);
			path = View;
			sourceTree = "<group>";
		};
		36F8B3CA2860F43C000902D1 /* ViewModel */ = {
			isa = PBXGroup;
			children = (
				36F8B3CD2860F45E000902D1 /* RoverViewModel.swift */,
				36F8B3DC28610193000902D1 /* ImageViewModel.swift */,
				36F8B3E328618FB4000902D1 /* DetailViewModel.swift */,
				3687C1CF286250DF004616D4 /* FilterViewModel.swift */,
			);
			path = ViewModel;
			sourceTree = "<group>";
		};
		36F8B3CF2860F51E000902D1 /* Service */ = {
			isa = PBXGroup;
			children = (
				36F8B3D22860F588000902D1 /* JSONDataService.swift */,
				36F8B3D62860FF1A000902D1 /* ImageDataService.swift */,
				369B9D0D2863B20A00C9BF1D /* Endpoint.swift */,
			);
			path = Service;
			sourceTree = "<group>";
		};
		36F8B3D42860FF03000902D1 /* Utilities */ = {
			isa = PBXGroup;
			children = (
				36F8B3D828610031000902D1 /* LocalFileManager.swift */,
				36F8B3D02860F52B000902D1 /* NetworkingManager.swift */,
				36EE95C82864301D000B6CC8 /* ShareSheet.swift */,
			);
			path = Utilities;
			sourceTree = "<group>";
		};
		36F8B3E52861944D000902D1 /* Extension */ = {
			isa = PBXGroup;
			children = (
				36F8B3E628619462000902D1 /* Navigation.swift */,
				36F8B3E828619481000902D1 /* Binding.swift */,
				361F03722862E1D100F98BA9 /* Date.swift */,
			);
			path = Extension;
			sourceTree = "<group>";
		};
		36F8B3EA2861972F000902D1 /* Component */ = {
			isa = PBXGroup;
			children = (
				36F8B3F42861D781000902D1 /* CustomButtons */,
				36F8B3EB28619752000902D1 /* CustomTabBar */,
			);
			path = Component;
			sourceTree = "<group>";
		};
		36F8B3EB28619752000902D1 /* CustomTabBar */ = {
			isa = PBXGroup;
			children = (
				36F8B3F228619775000902D1 /* NavBarItem.swift */,
				36F8B3EC28619752000902D1 /* CustomTabBarView.swift */,
			);
			path = CustomTabBar;
			sourceTree = "<group>";
		};
		36F8B3F42861D781000902D1 /* CustomButtons */ = {
			isa = PBXGroup;
			children = (
				36F8B3F52861D78F000902D1 /* BackButton.swift */,
				36F8B3F72861D79D000902D1 /* ZoomButton.swift */,
			);
			path = CustomButtons;
			sourceTree = "<group>";
		};
/* End PBXGroup section */

/* Begin PBXNativeTarget section */
		36B447982860A6F600D8DDA8 /* MarsRoverPhotos */ = {
			isa = PBXNativeTarget;
			buildConfigurationList = 36B447A72860A6F700D8DDA8 /* Build configuration list for PBXNativeTarget "MarsRoverPhotos" */;
			buildPhases = (
				36B447952860A6F600D8DDA8 /* Sources */,
				36B447962860A6F600D8DDA8 /* Frameworks */,
				36B447972860A6F600D8DDA8 /* Resources */,
			);
			buildRules = (
			);
			dependencies = (
			);
			name = MarsRoverPhotos;
			packageProductDependencies = (
			);
			productName = MarsRoverPhotos;
			productReference = 36B447992860A6F600D8DDA8 /* MarsRoverPhotos.app */;
			productType = "com.apple.product-type.application";
		};
/* End PBXNativeTarget section */

/* Begin PBXProject section */
		36B447912860A6F600D8DDA8 /* Project object */ = {
			isa = PBXProject;
			attributes = {
				BuildIndependentTargetsInParallel = 1;
				LastSwiftUpdateCheck = 1330;
				LastUpgradeCheck = 1330;
				TargetAttributes = {
					36B447982860A6F600D8DDA8 = {
						CreatedOnToolsVersion = 13.3;
					};
				};
			};
			buildConfigurationList = 36B447942860A6F600D8DDA8 /* Build configuration list for PBXProject "MarsRoverPhotos" */;
			compatibilityVersion = "Xcode 13.0";
			developmentRegion = en;
			hasScannedForEncodings = 0;
			knownRegions = (
				en,
				Base,
			);
			mainGroup = 36B447902860A6F600D8DDA8;
			packageReferences = (
			);
			productRefGroup = 36B4479A2860A6F600D8DDA8 /* Products */;
			projectDirPath = "";
			projectRoot = "";
			targets = (
				36B447982860A6F600D8DDA8 /* MarsRoverPhotos */,
			);
		};
/* End PBXProject section */

/* Begin PBXResourcesBuildPhase section */
		36B447972860A6F600D8DDA8 /* Resources */ = {
			isa = PBXResourcesBuildPhase;
			buildActionMask = 2147483647;
			files = (
				36B447B02860A9A100D8DDA8 /* README.md in Resources */,
				36B447A42860A6F700D8DDA8 /* Preview Assets.xcassets in Resources */,
				36B447A12860A6F700D8DDA8 /* Assets.xcassets in Resources */,
			);
			runOnlyForDeploymentPostprocessing = 0;
		};
/* End PBXResourcesBuildPhase section */

/* Begin PBXSourcesBuildPhase section */
		36B447952860A6F600D8DDA8 /* Sources */ = {
			isa = PBXSourcesBuildPhase;
			buildActionMask = 2147483647;
			files = (
				36F8B3DB2861015D000902D1 /* ImageView.swift in Sources */,
				369B9D0E2863B20A00C9BF1D /* Endpoint.swift in Sources */,
				36F8B3C32860AE62000902D1 /* Camera.swift in Sources */,
				3687C1D0286250DF004616D4 /* FilterViewModel.swift in Sources */,
				36F8B3F62861D78F000902D1 /* BackButton.swift in Sources */,
				36F8B3D928610031000902D1 /* LocalFileManager.swift in Sources */,
				3687C1CE286250CA004616D4 /* FilterView.swift in Sources */,
				36F8B3E228618FAC000902D1 /* DetailView.swift in Sources */,
				36F8B3D72860FF1A000902D1 /* ImageDataService.swift in Sources */,
				36F8B3CC2860F456000902D1 /* RoverView.swift in Sources */,
				36F8B3F328619775000902D1 /* NavBarItem.swift in Sources */,
				36F8B3C82860B498000902D1 /* Manifest.swift in Sources */,
				361F03732862E1D100F98BA9 /* Date.swift in Sources */,
				36B4479D2860A6F600D8DDA8 /* MarsRoverPhotosApp.swift in Sources */,
				36F8B3F82861D79D000902D1 /* ZoomButton.swift in Sources */,
				36F8B3D32860F588000902D1 /* JSONDataService.swift in Sources */,
				36F8B3EF28619752000902D1 /* CustomTabBarView.swift in Sources */,
				36F8B3CE2860F45E000902D1 /* RoverViewModel.swift in Sources */,
				36E7CE3F28621955001D3D87 /* CardGroupBoxStyle.swift in Sources */,
				36F8B3D12860F52B000902D1 /* NetworkingManager.swift in Sources */,
				36F8B3E928619481000902D1 /* Binding.swift in Sources */,
				36F8B3E728619462000902D1 /* Navigation.swift in Sources */,
				36F8B3FA2861D8C3000902D1 /* ImageZoomView.swift in Sources */,
				36F8B3C12860AD48000902D1 /* Photo.swift in Sources */,
				36F8B3C52860B14C000902D1 /* Rover.swift in Sources */,
				36F8B3E428618FB4000902D1 /* DetailViewModel.swift in Sources */,
				36F8B3DD28610193000902D1 /* ImageViewModel.swift in Sources */,
				36EE95C92864301D000B6CC8 /* ShareSheet.swift in Sources */,
			);
			runOnlyForDeploymentPostprocessing = 0;
		};
/* End PBXSourcesBuildPhase section */

/* Begin XCBuildConfiguration section */
		36B447A52860A6F700D8DDA8 /* Debug */ = {
			isa = XCBuildConfiguration;
			buildSettings = {
				ALWAYS_SEARCH_USER_PATHS = NO;
				CLANG_ANALYZER_NONNULL = YES;
				CLANG_ANALYZER_NUMBER_OBJECT_CONVERSION = YES_AGGRESSIVE;
				CLANG_CXX_LANGUAGE_STANDARD = "gnu++17";
				CLANG_ENABLE_MODULES = YES;
				CLANG_ENABLE_OBJC_ARC = YES;
				CLANG_ENABLE_OBJC_WEAK = YES;
				CLANG_WARN_BLOCK_CAPTURE_AUTORELEASING = YES;
				CLANG_WARN_BOOL_CONVERSION = YES;
				CLANG_WARN_COMMA = YES;
				CLANG_WARN_CONSTANT_CONVERSION = YES;
				CLANG_WARN_DEPRECATED_OBJC_IMPLEMENTATIONS = YES;
				CLANG_WARN_DIRECT_OBJC_ISA_USAGE = YES_ERROR;
				CLANG_WARN_DOCUMENTATION_COMMENTS = YES;
				CLANG_WARN_EMPTY_BODY = YES;
				CLANG_WARN_ENUM_CONVERSION = YES;
				CLANG_WARN_INFINITE_RECURSION = YES;
				CLANG_WARN_INT_CONVERSION = YES;
				CLANG_WARN_NON_LITERAL_NULL_CONVERSION = YES;
				CLANG_WARN_OBJC_IMPLICIT_RETAIN_SELF = YES;
				CLANG_WARN_OBJC_LITERAL_CONVERSION = YES;
				CLANG_WARN_OBJC_ROOT_CLASS = YES_ERROR;
				CLANG_WARN_QUOTED_INCLUDE_IN_FRAMEWORK_HEADER = YES;
				CLANG_WARN_RANGE_LOOP_ANALYSIS = YES;
				CLANG_WARN_STRICT_PROTOTYPES = YES;
				CLANG_WARN_SUSPICIOUS_MOVE = YES;
				CLANG_WARN_UNGUARDED_AVAILABILITY = YES_AGGRESSIVE;
				CLANG_WARN_UNREACHABLE_CODE = YES;
				CLANG_WARN__DUPLICATE_METHOD_MATCH = YES;
				COPY_PHASE_STRIP = NO;
				DEBUG_INFORMATION_FORMAT = dwarf;
				ENABLE_STRICT_OBJC_MSGSEND = YES;
				ENABLE_TESTABILITY = YES;
				GCC_C_LANGUAGE_STANDARD = gnu11;
				GCC_DYNAMIC_NO_PIC = NO;
				GCC_NO_COMMON_BLOCKS = YES;
				GCC_OPTIMIZATION_LEVEL = 0;
				GCC_PREPROCESSOR_DEFINITIONS = (
					"DEBUG=1",
					"$(inherited)",
				);
				GCC_WARN_64_TO_32_BIT_CONVERSION = YES;
				GCC_WARN_ABOUT_RETURN_TYPE = YES_ERROR;
				GCC_WARN_UNDECLARED_SELECTOR = YES;
				GCC_WARN_UNINITIALIZED_AUTOS = YES_AGGRESSIVE;
				GCC_WARN_UNUSED_FUNCTION = YES;
				GCC_WARN_UNUSED_VARIABLE = YES;
				IPHONEOS_DEPLOYMENT_TARGET = 15.4;
				MTL_ENABLE_DEBUG_INFO = INCLUDE_SOURCE;
				MTL_FAST_MATH = YES;
				ONLY_ACTIVE_ARCH = YES;
				SDKROOT = iphoneos;
				SWIFT_ACTIVE_COMPILATION_CONDITIONS = DEBUG;
				SWIFT_OPTIMIZATION_LEVEL = "-Onone";
			};
			name = Debug;
		};
		36B447A62860A6F700D8DDA8 /* Release */ = {
			isa = XCBuildConfiguration;
			buildSettings = {
				ALWAYS_SEARCH_USER_PATHS = NO;
				CLANG_ANALYZER_NONNULL = YES;
				CLANG_ANALYZER_NUMBER_OBJECT_CONVERSION = YES_AGGRESSIVE;
				CLANG_CXX_LANGUAGE_STANDARD = "gnu++17";
				CLANG_ENABLE_MODULES = YES;
				CLANG_ENABLE_OBJC_ARC = YES;
				CLANG_ENABLE_OBJC_WEAK = YES;
				CLANG_WARN_BLOCK_CAPTURE_AUTORELEASING = YES;
				CLANG_WARN_BOOL_CONVERSION = YES;
				CLANG_WARN_COMMA = YES;
				CLANG_WARN_CONSTANT_CONVERSION = YES;
				CLANG_WARN_DEPRECATED_OBJC_IMPLEMENTATIONS = YES;
				CLANG_WARN_DIRECT_OBJC_ISA_USAGE = YES_ERROR;
				CLANG_WARN_DOCUMENTATION_COMMENTS = YES;
				CLANG_WARN_EMPTY_BODY = YES;
				CLANG_WARN_ENUM_CONVERSION = YES;
				CLANG_WARN_INFINITE_RECURSION = YES;
				CLANG_WARN_INT_CONVERSION = YES;
				CLANG_WARN_NON_LITERAL_NULL_CONVERSION = YES;
				CLANG_WARN_OBJC_IMPLICIT_RETAIN_SELF = YES;
				CLANG_WARN_OBJC_LITERAL_CONVERSION = YES;
				CLANG_WARN_OBJC_ROOT_CLASS = YES_ERROR;
				CLANG_WARN_QUOTED_INCLUDE_IN_FRAMEWORK_HEADER = YES;
				CLANG_WARN_RANGE_LOOP_ANALYSIS = YES;
				CLANG_WARN_STRICT_PROTOTYPES = YES;
				CLANG_WARN_SUSPICIOUS_MOVE = YES;
				CLANG_WARN_UNGUARDED_AVAILABILITY = YES_AGGRESSIVE;
				CLANG_WARN_UNREACHABLE_CODE = YES;
				CLANG_WARN__DUPLICATE_METHOD_MATCH = YES;
				COPY_PHASE_STRIP = NO;
				DEBUG_INFORMATION_FORMAT = "dwarf-with-dsym";
				ENABLE_NS_ASSERTIONS = NO;
				ENABLE_STRICT_OBJC_MSGSEND = YES;
				GCC_C_LANGUAGE_STANDARD = gnu11;
				GCC_NO_COMMON_BLOCKS = YES;
				GCC_WARN_64_TO_32_BIT_CONVERSION = YES;
				GCC_WARN_ABOUT_RETURN_TYPE = YES_ERROR;
				GCC_WARN_UNDECLARED_SELECTOR = YES;
				GCC_WARN_UNINITIALIZED_AUTOS = YES_AGGRESSIVE;
				GCC_WARN_UNUSED_FUNCTION = YES;
				GCC_WARN_UNUSED_VARIABLE = YES;
				IPHONEOS_DEPLOYMENT_TARGET = 15.4;
				MTL_ENABLE_DEBUG_INFO = NO;
				MTL_FAST_MATH = YES;
				SDKROOT = iphoneos;
				SWIFT_COMPILATION_MODE = wholemodule;
				SWIFT_OPTIMIZATION_LEVEL = "-O";
				VALIDATE_PRODUCT = YES;
			};
			name = Release;
		};
		36B447A82860A6F700D8DDA8 /* Debug */ = {
			isa = XCBuildConfiguration;
			buildSettings = {
				ASSETCATALOG_COMPILER_APPICON_NAME = AppIcon;
				ASSETCATALOG_COMPILER_GLOBAL_ACCENT_COLOR_NAME = AccentColor;
				CODE_SIGN_STYLE = Automatic;
				CURRENT_PROJECT_VERSION = 1;
				DEVELOPMENT_ASSET_PATHS = "\"MarsRoverPhotos/Preview Content\"";
				DEVELOPMENT_TEAM = 32L9LV3KSY;
				ENABLE_PREVIEWS = YES;
				GENERATE_INFOPLIST_FILE = YES;
				INFOPLIST_FILE = MarsRoverPhotos/Info.plist;
				INFOPLIST_KEY_UIApplicationSceneManifest_Generation = YES;
				INFOPLIST_KEY_UIApplicationSupportsIndirectInputEvents = YES;
				INFOPLIST_KEY_UILaunchScreen_Generation = YES;
				INFOPLIST_KEY_UISupportedInterfaceOrientations = UIInterfaceOrientationPortrait;
				INFOPLIST_KEY_UISupportedInterfaceOrientations_iPad = "UIInterfaceOrientationPortrait UIInterfaceOrientationPortraitUpsideDown UIInterfaceOrientationLandscapeLeft UIInterfaceOrientationLandscapeRight";
				INFOPLIST_KEY_UISupportedInterfaceOrientations_iPhone = "UIInterfaceOrientationPortrait UIInterfaceOrientationLandscapeLeft UIInterfaceOrientationLandscapeRight";
				LD_RUNPATH_SEARCH_PATHS = (
					"$(inherited)",
					"@executable_path/Frameworks",
				);
				MARKETING_VERSION = 1.0;
				PRODUCT_BUNDLE_IDENTIFIER = com.canbi.MarsRoverPhotos;
				PRODUCT_NAME = "$(TARGET_NAME)";
				SWIFT_EMIT_LOC_STRINGS = YES;
				SWIFT_VERSION = 5.0;
				TARGETED_DEVICE_FAMILY = 1;
			};
			name = Debug;
		};
		36B447A92860A6F700D8DDA8 /* Release */ = {
			isa = XCBuildConfiguration;
			buildSettings = {
				ASSETCATALOG_COMPILER_APPICON_NAME = AppIcon;
				ASSETCATALOG_COMPILER_GLOBAL_ACCENT_COLOR_NAME = AccentColor;
				CODE_SIGN_STYLE = Automatic;
				CURRENT_PROJECT_VERSION = 1;
				DEVELOPMENT_ASSET_PATHS = "\"MarsRoverPhotos/Preview Content\"";
				DEVELOPMENT_TEAM = 32L9LV3KSY;
				ENABLE_PREVIEWS = YES;
				GENERATE_INFOPLIST_FILE = YES;
				INFOPLIST_FILE = MarsRoverPhotos/Info.plist;
				INFOPLIST_KEY_UIApplicationSceneManifest_Generation = YES;
				INFOPLIST_KEY_UIApplicationSupportsIndirectInputEvents = YES;
				INFOPLIST_KEY_UILaunchScreen_Generation = YES;
				INFOPLIST_KEY_UISupportedInterfaceOrientations = UIInterfaceOrientationPortrait;
				INFOPLIST_KEY_UISupportedInterfaceOrientations_iPad = "UIInterfaceOrientationPortrait UIInterfaceOrientationPortraitUpsideDown UIInterfaceOrientationLandscapeLeft UIInterfaceOrientationLandscapeRight";
				INFOPLIST_KEY_UISupportedInterfaceOrientations_iPhone = "UIInterfaceOrientationPortrait UIInterfaceOrientationLandscapeLeft UIInterfaceOrientationLandscapeRight";
				LD_RUNPATH_SEARCH_PATHS = (
					"$(inherited)",
					"@executable_path/Frameworks",
				);
				MARKETING_VERSION = 1.0;
				PRODUCT_BUNDLE_IDENTIFIER = com.canbi.MarsRoverPhotos;
				PRODUCT_NAME = "$(TARGET_NAME)";
				SWIFT_EMIT_LOC_STRINGS = YES;
				SWIFT_VERSION = 5.0;
				TARGETED_DEVICE_FAMILY = 1;
			};
			name = Release;
		};
/* End XCBuildConfiguration section */

/* Begin XCConfigurationList section */
		36B447942860A6F600D8DDA8 /* Build configuration list for PBXProject "MarsRoverPhotos" */ = {
			isa = XCConfigurationList;
			buildConfigurations = (
				36B447A52860A6F700D8DDA8 /* Debug */,
				36B447A62860A6F700D8DDA8 /* Release */,
			);
			defaultConfigurationIsVisible = 0;
			defaultConfigurationName = Release;
		};
		36B447A72860A6F700D8DDA8 /* Build configuration list for PBXNativeTarget "MarsRoverPhotos" */ = {
			isa = XCConfigurationList;
			buildConfigurations = (
				36B447A82860A6F700D8DDA8 /* Debug */,
				36B447A92860A6F700D8DDA8 /* Release */,
			);
			defaultConfigurationIsVisible = 0;
			defaultConfigurationName = Release;
		};
/* End XCConfigurationList section */
	};
	rootObject = 36B447912860A6F600D8DDA8 /* Project object */;
}
